// !$*UTF8*$!
{
	archiveVersion = 1;
	classes = {
	};
	objectVersion = 46;
	objects = {

/* Begin PBXBuildFile section */
		3D0D42271D3B3ACC001BD141 /* InitialViewController.xib in Resources */ = {isa = PBXBuildFile; fileRef = 3D0D42261D3B3ACC001BD141 /* InitialViewController.xib */; };
		3D26B4BC1D3B17A5006FACF1 /* AppDelegate.swift in Sources */ = {isa = PBXBuildFile; fileRef = 3D26B4BB1D3B17A5006FACF1 /* AppDelegate.swift */; };
		3D26B4C31D3B17A5006FACF1 /* Assets.xcassets in Resources */ = {isa = PBXBuildFile; fileRef = 3D26B4C21D3B17A5006FACF1 /* Assets.xcassets */; };
		3D26B4C61D3B17A5006FACF1 /* LaunchScreen.storyboard in Resources */ = {isa = PBXBuildFile; fileRef = 3D26B4C41D3B17A5006FACF1 /* LaunchScreen.storyboard */; };
		3D26B4D11D3B17A5006FACF1 /* Playground_ProjectTests.swift in Sources */ = {isa = PBXBuildFile; fileRef = 3D26B4D01D3B17A5006FACF1 /* Playground_ProjectTests.swift */; };
		3D26B4DC1D3B17A5006FACF1 /* Playground_ProjectUITests.swift in Sources */ = {isa = PBXBuildFile; fileRef = 3D26B4DB1D3B17A5006FACF1 /* Playground_ProjectUITests.swift */; };
		3D26B4ED1D3B1914006FACF1 /* InitialViewController.swift in Sources */ = {isa = PBXBuildFile; fileRef = 3D26B4EC1D3B1914006FACF1 /* InitialViewController.swift */; };
		3D62179C1D3B1C9600D8138D /* BaseViewController.swift in Sources */ = {isa = PBXBuildFile; fileRef = 3D62179B1D3B1C9600D8138D /* BaseViewController.swift */; };
/* End PBXBuildFile section */

/* Begin PBXContainerItemProxy section */
		3D26B4CD1D3B17A5006FACF1 /* PBXContainerItemProxy */ = {
			isa = PBXContainerItemProxy;
			containerPortal = 3D26B4B01D3B17A5006FACF1 /* Project object */;
			proxyType = 1;
			remoteGlobalIDString = 3D26B4B71D3B17A5006FACF1;
			remoteInfo = "Playground Project";
		};
		3D26B4D81D3B17A5006FACF1 /* PBXContainerItemProxy */ = {
			isa = PBXContainerItemProxy;
			containerPortal = 3D26B4B01D3B17A5006FACF1 /* Project object */;
			proxyType = 1;
			remoteGlobalIDString = 3D26B4B71D3B17A5006FACF1;
			remoteInfo = "Playground Project";
		};
/* End PBXContainerItemProxy section */

/* Begin PBXFileReference section */
		3D0D42261D3B3ACC001BD141 /* InitialViewController.xib */ = {isa = PBXFileReference; fileEncoding = 4; lastKnownFileType = file.xib; path = InitialViewController.xib; sourceTree = "<group>"; };
		3D26B4B81D3B17A5006FACF1 /* Playground Project.app */ = {isa = PBXFileReference; explicitFileType = wrapper.application; includeInIndex = 0; path = "Playground Project.app"; sourceTree = BUILT_PRODUCTS_DIR; };
		3D26B4BB1D3B17A5006FACF1 /* AppDelegate.swift */ = {isa = PBXFileReference; lastKnownFileType = sourcecode.swift; path = AppDelegate.swift; sourceTree = "<group>"; };
		3D26B4C21D3B17A5006FACF1 /* Assets.xcassets */ = {isa = PBXFileReference; lastKnownFileType = folder.assetcatalog; path = Assets.xcassets; sourceTree = "<group>"; };
		3D26B4C51D3B17A5006FACF1 /* Base */ = {isa = PBXFileReference; lastKnownFileType = file.storyboard; name = Base; path = Base.lproj/LaunchScreen.storyboard; sourceTree = "<group>"; };
		3D26B4C71D3B17A5006FACF1 /* Info.plist */ = {isa = PBXFileReference; lastKnownFileType = text.plist.xml; path = Info.plist; sourceTree = "<group>"; };
		3D26B4CC1D3B17A5006FACF1 /* Playground ProjectTests.xctest */ = {isa = PBXFileReference; explicitFileType = wrapper.cfbundle; includeInIndex = 0; path = "Playground ProjectTests.xctest"; sourceTree = BUILT_PRODUCTS_DIR; };
		3D26B4D01D3B17A5006FACF1 /* Playground_ProjectTests.swift */ = {isa = PBXFileReference; lastKnownFileType = sourcecode.swift; path = Playground_ProjectTests.swift; sourceTree = "<group>"; };
		3D26B4D21D3B17A5006FACF1 /* Info.plist */ = {isa = PBXFileReference; lastKnownFileType = text.plist.xml; path = Info.plist; sourceTree = "<group>"; };
		3D26B4D71D3B17A5006FACF1 /* Playground ProjectUITests.xctest */ = {isa = PBXFileReference; explicitFileType = wrapper.cfbundle; includeInIndex = 0; path = "Playground ProjectUITests.xctest"; sourceTree = BUILT_PRODUCTS_DIR; };
		3D26B4DB1D3B17A5006FACF1 /* Playground_ProjectUITests.swift */ = {isa = PBXFileReference; lastKnownFileType = sourcecode.swift; path = Playground_ProjectUITests.swift; sourceTree = "<group>"; };
		3D26B4DD1D3B17A5006FACF1 /* Info.plist */ = {isa = PBXFileReference; lastKnownFileType = text.plist.xml; path = Info.plist; sourceTree = "<group>"; };
		3D26B4EC1D3B1914006FACF1 /* InitialViewController.swift */ = {isa = PBXFileReference; fileEncoding = 4; lastKnownFileType = sourcecode.swift; path = InitialViewController.swift; sourceTree = "<group>"; };
		3D62179B1D3B1C9600D8138D /* BaseViewController.swift */ = {isa = PBXFileReference; fileEncoding = 4; lastKnownFileType = sourcecode.swift; path = BaseViewController.swift; sourceTree = "<group>"; };
/* End PBXFileReference section */

/* Begin PBXFrameworksBuildPhase section */
		3D26B4B51D3B17A5006FACF1 /* Frameworks */ = {
			isa = PBXFrameworksBuildPhase;
			buildActionMask = 2147483647;
			files = (
			);
			runOnlyForDeploymentPostprocessing = 0;
		};
		3D26B4C91D3B17A5006FACF1 /* Frameworks */ = {
			isa = PBXFrameworksBuildPhase;
			buildActionMask = 2147483647;
			files = (
			);
			runOnlyForDeploymentPostprocessing = 0;
		};
		3D26B4D41D3B17A5006FACF1 /* Frameworks */ = {
			isa = PBXFrameworksBuildPhase;
			buildActionMask = 2147483647;
			files = (
			);
			runOnlyForDeploymentPostprocessing = 0;
		};
/* End PBXFrameworksBuildPhase section */

/* Begin PBXGroup section */
		3D26B4AF1D3B17A5006FACF1 = {
			isa = PBXGroup;
			children = (
				3D26B4BA1D3B17A5006FACF1 /* Playground Project */,
				3D26B4CF1D3B17A5006FACF1 /* Playground ProjectTests */,
				3D26B4DA1D3B17A5006FACF1 /* Playground ProjectUITests */,
				3D26B4B91D3B17A5006FACF1 /* Products */,
			);
			sourceTree = "<group>";
		};
		3D26B4B91D3B17A5006FACF1 /* Products */ = {
			isa = PBXGroup;
			children = (
				3D26B4B81D3B17A5006FACF1 /* Playground Project.app */,
				3D26B4CC1D3B17A5006FACF1 /* Playground ProjectTests.xctest */,
				3D26B4D71D3B17A5006FACF1 /* Playground ProjectUITests.xctest */,
			);
			name = Products;
			sourceTree = "<group>";
		};
		3D26B4BA1D3B17A5006FACF1 /* Playground Project */ = {
			isa = PBXGroup;
			children = (
				3D26B4EF1D3B1961006FACF1 /* Models */,
				3D26B4EE1D3B194E006FACF1 /* Views */,
				3D26B4EB1D3B18F0006FACF1 /* ViewControllers */,
				3D26B4BB1D3B17A5006FACF1 /* AppDelegate.swift */,
				3D26B4C21D3B17A5006FACF1 /* Assets.xcassets */,
				3D26B4C41D3B17A5006FACF1 /* LaunchScreen.storyboard */,
				3D26B4C71D3B17A5006FACF1 /* Info.plist */,
			);
			path = "Playground Project";
			sourceTree = "<group>";
		};
		3D26B4CF1D3B17A5006FACF1 /* Playground ProjectTests */ = {
			isa = PBXGroup;
			children = (
				3D26B4D01D3B17A5006FACF1 /* Playground_ProjectTests.swift */,
				3D26B4D21D3B17A5006FACF1 /* Info.plist */,
			);
			path = "Playground ProjectTests";
			sourceTree = "<group>";
		};
		3D26B4DA1D3B17A5006FACF1 /* Playground ProjectUITests */ = {
			isa = PBXGroup;
			children = (
				3D26B4DB1D3B17A5006FACF1 /* Playground_ProjectUITests.swift */,
				3D26B4DD1D3B17A5006FACF1 /* Info.plist */,
			);
			path = "Playground ProjectUITests";
			sourceTree = "<group>";
		};
		3D26B4EB1D3B18F0006FACF1 /* ViewControllers */ = {
			isa = PBXGroup;
			children = (
				3D26B4EC1D3B1914006FACF1 /* InitialViewController.swift */,
				3D62179B1D3B1C9600D8138D /* BaseViewController.swift */,
			);
			name = ViewControllers;
			sourceTree = "<group>";
		};
		3D26B4EE1D3B194E006FACF1 /* Views */ = {
			isa = PBXGroup;
			children = (
				3D0D42261D3B3ACC001BD141 /* InitialViewController.xib */,
			);
			name = Views;
			sourceTree = "<group>";
		};
		3D26B4EF1D3B1961006FACF1 /* Models */ = {
			isa = PBXGroup;
			children = (
			);
			name = Models;
			sourceTree = "<group>";
		};
/* End PBXGroup section */

/* Begin PBXNativeTarget section */
		3D26B4B71D3B17A5006FACF1 /* Playground Project */ = {
			isa = PBXNativeTarget;
			buildConfigurationList = 3D26B4E01D3B17A5006FACF1 /* Build configuration list for PBXNativeTarget "Playground Project" */;
			buildPhases = (
				3D26B4B41D3B17A5006FACF1 /* Sources */,
				3D26B4B51D3B17A5006FACF1 /* Frameworks */,
				3D26B4B61D3B17A5006FACF1 /* Resources */,
			);
			buildRules = (
			);
			dependencies = (
			);
			name = "Playground Project";
			productName = "Playground Project";
			productReference = 3D26B4B81D3B17A5006FACF1 /* Playground Project.app */;
			productType = "com.apple.product-type.application";
		};
		3D26B4CB1D3B17A5006FACF1 /* Playground ProjectTests */ = {
			isa = PBXNativeTarget;
			buildConfigurationList = 3D26B4E31D3B17A5006FACF1 /* Build configuration list for PBXNativeTarget "Playground ProjectTests" */;
			buildPhases = (
				3D26B4C81D3B17A5006FACF1 /* Sources */,
				3D26B4C91D3B17A5006FACF1 /* Frameworks */,
				3D26B4CA1D3B17A5006FACF1 /* Resources */,
			);
			buildRules = (
			);
			dependencies = (
				3D26B4CE1D3B17A5006FACF1 /* PBXTargetDependency */,
			);
			name = "Playground ProjectTests";
			productName = "Playground ProjectTests";
			productReference = 3D26B4CC1D3B17A5006FACF1 /* Playground ProjectTests.xctest */;
			productType = "com.apple.product-type.bundle.unit-test";
		};
		3D26B4D61D3B17A5006FACF1 /* Playground ProjectUITests */ = {
			isa = PBXNativeTarget;
			buildConfigurationList = 3D26B4E61D3B17A5006FACF1 /* Build configuration list for PBXNativeTarget "Playground ProjectUITests" */;
			buildPhases = (
				3D26B4D31D3B17A5006FACF1 /* Sources */,
				3D26B4D41D3B17A5006FACF1 /* Frameworks */,
				3D26B4D51D3B17A5006FACF1 /* Resources */,
			);
			buildRules = (
			);
			dependencies = (
				3D26B4D91D3B17A5006FACF1 /* PBXTargetDependency */,
			);
			name = "Playground ProjectUITests";
			productName = "Playground ProjectUITests";
			productReference = 3D26B4D71D3B17A5006FACF1 /* Playground ProjectUITests.xctest */;
			productType = "com.apple.product-type.bundle.ui-testing";
		};
/* End PBXNativeTarget section */

/* Begin PBXProject section */
		3D26B4B01D3B17A5006FACF1 /* Project object */ = {
			isa = PBXProject;
			attributes = {
				LastSwiftUpdateCheck = 0730;
				LastUpgradeCheck = 0730;
				ORGANIZATIONNAME = choiw;
				TargetAttributes = {
					3D26B4B71D3B17A5006FACF1 = {
						CreatedOnToolsVersion = 7.3;
					};
					3D26B4CB1D3B17A5006FACF1 = {
						CreatedOnToolsVersion = 7.3;
						TestTargetID = 3D26B4B71D3B17A5006FACF1;
					};
					3D26B4D61D3B17A5006FACF1 = {
						CreatedOnToolsVersion = 7.3;
						TestTargetID = 3D26B4B71D3B17A5006FACF1;
					};
				};
			};
			buildConfigurationList = 3D26B4B31D3B17A5006FACF1 /* Build configuration list for PBXProject "Playground Project" */;
			compatibilityVersion = "Xcode 3.2";
			developmentRegion = English;
			hasScannedForEncodings = 0;
			knownRegions = (
				en,
				Base,
			);
			mainGroup = 3D26B4AF1D3B17A5006FACF1;
			productRefGroup = 3D26B4B91D3B17A5006FACF1 /* Products */;
			projectDirPath = "";
			projectRoot = "";
			targets = (
				3D26B4B71D3B17A5006FACF1 /* Playground Project */,
				3D26B4CB1D3B17A5006FACF1 /* Playground ProjectTests */,
				3D26B4D61D3B17A5006FACF1 /* Playground ProjectUITests */,
			);
		};
/* End PBXProject section */

/* Begin PBXResourcesBuildPhase section */
		3D26B4B61D3B17A5006FACF1 /* Resources */ = {
			isa = PBXResourcesBuildPhase;
			buildActionMask = 2147483647;
			files = (
				3D26B4C61D3B17A5006FACF1 /* LaunchScreen.storyboard in Resources */,
				3D26B4C31D3B17A5006FACF1 /* Assets.xcassets in Resources */,
				3D0D42271D3B3ACC001BD141 /* InitialViewController.xib in Resources */,
			);
			runOnlyForDeploymentPostprocessing = 0;
		};
		3D26B4CA1D3B17A5006FACF1 /* Resources */ = {
			isa = PBXResourcesBuildPhase;
			buildActionMask = 2147483647;
			files = (
			);
			runOnlyForDeploymentPostprocessing = 0;
		};
		3D26B4D51D3B17A5006FACF1 /* Resources */ = {
			isa = PBXResourcesBuildPhase;
			buildActionMask = 2147483647;
			files = (
			);
			runOnlyForDeploymentPostprocessing = 0;
		};
/* End PBXResourcesBuildPhase section */

/* Begin PBXSourcesBuildPhase section */
		3D26B4B41D3B17A5006FACF1 /* Sources */ = {
			isa = PBXSourcesBuildPhase;
			buildActionMask = 2147483647;
			files = (
				3D26B4BC1D3B17A5006FACF1 /* AppDelegate.swift in Sources */,
				3D26B4ED1D3B1914006FACF1 /* InitialViewController.swift in Sources */,
				3D62179C1D3B1C9600D8138D /* BaseViewController.swift in Sources */,
			);
			runOnlyForDeploymentPostprocessing = 0;
		};
		3D26B4C81D3B17A5006FACF1 /* Sources */ = {
			isa = PBXSourcesBuildPhase;
			buildActionMask = 2147483647;
			files = (
				3D26B4D11D3B17A5006FACF1 /* Playground_ProjectTests.swift in Sources */,
			);
			runOnlyForDeploymentPostprocessing = 0;
		};
		3D26B4D31D3B17A5006FACF1 /* Sources */ = {
			isa = PBXSourcesBuildPhase;
			buildActionMask = 2147483647;
			files = (
				3D26B4DC1D3B17A5006FACF1 /* Playground_ProjectUITests.swift in Sources */,
			);
			runOnlyForDeploymentPostprocessing = 0;
		};
/* End PBXSourcesBuildPhase section */

/* Begin PBXTargetDependency section */
		3D26B4CE1D3B17A5006FACF1 /* PBXTargetDependency */ = {
			isa = PBXTargetDependency;
			target = 3D26B4B71D3B17A5006FACF1 /* Playground Project */;
			targetProxy = 3D26B4CD1D3B17A5006FACF1 /* PBXContainerItemProxy */;
		};
		3D26B4D91D3B17A5006FACF1 /* PBXTargetDependency */ = {
			isa = PBXTargetDependency;
			target = 3D26B4B71D3B17A5006FACF1 /* Playground Project */;
			targetProxy = 3D26B4D81D3B17A5006FACF1 /* PBXContainerItemProxy */;
		};
/* End PBXTargetDependency section */

/* Begin PBXVariantGroup section */
		3D26B4C41D3B17A5006FACF1 /* LaunchScreen.storyboard */ = {
			isa = PBXVariantGroup;
			children = (
				3D26B4C51D3B17A5006FACF1 /* Base */,
			);
			name = LaunchScreen.storyboard;
			sourceTree = "<group>";
		};
/* End PBXVariantGroup section */

/* Begin XCBuildConfiguration section */
		3D26B4DE1D3B17A5006FACF1 /* Debug */ = {
			isa = XCBuildConfiguration;
			buildSettings = {
				ALWAYS_SEARCH_USER_PATHS = NO;
				CLANG_ANALYZER_NONNULL = YES;
				CLANG_CXX_LANGUAGE_STANDARD = "gnu++0x";
				CLANG_CXX_LIBRARY = "libc++";
				CLANG_ENABLE_MODULES = YES;
				CLANG_ENABLE_OBJC_ARC = YES;
				CLANG_WARN_BOOL_CONVERSION = YES;
				CLANG_WARN_CONSTANT_CONVERSION = YES;
				CLANG_WARN_DIRECT_OBJC_ISA_USAGE = YES_ERROR;
				CLANG_WARN_EMPTY_BODY = YES;
				CLANG_WARN_ENUM_CONVERSION = YES;
				CLANG_WARN_INT_CONVERSION = YES;
				CLANG_WARN_OBJC_ROOT_CLASS = YES_ERROR;
				CLANG_WARN_UNREACHABLE_CODE = YES;
				CLANG_WARN__DUPLICATE_METHOD_MATCH = YES;
				"CODE_SIGN_IDENTITY[sdk=iphoneos*]" = "iPhone Developer";
				COPY_PHASE_STRIP = NO;
				DEBUG_INFORMATION_FORMAT = dwarf;
				ENABLE_STRICT_OBJC_MSGSEND = YES;
				ENABLE_TESTABILITY = YES;
				GCC_C_LANGUAGE_STANDARD = gnu99;
				GCC_DYNAMIC_NO_PIC = NO;
				GCC_NO_COMMON_BLOCKS = YES;
				GCC_OPTIMIZATION_LEVEL = 0;
				GCC_PREPROCESSOR_DEFINITIONS = (
					"DEBUG=1",
					"$(inherited)",
				);
				GCC_WARN_64_TO_32_BIT_CONVERSION = YES;
				GCC_WARN_ABOUT_RETURN_TYPE = YES_ERROR;
				GCC_WARN_UNDECLARED_SELECTOR = YES;
				GCC_WARN_UNINITIALIZED_AUTOS = YES_AGGRESSIVE;
				GCC_WARN_UNUSED_FUNCTION = YES;
				GCC_WARN_UNUSED_VARIABLE = YES;
				IPHONEOS_DEPLOYMENT_TARGET = 9.3;
				MTL_ENABLE_DEBUG_INFO = YES;
				ONLY_ACTIVE_ARCH = YES;
				SDKROOT = iphoneos;
				SWIFT_OPTIMIZATION_LEVEL = "-Onone";
				TARGETED_DEVICE_FAMILY = "1,2";
			};
			name = Debug;
		};
		3D26B4DF1D3B17A5006FACF1 /* Release */ = {
			isa = XCBuildConfiguration;
			buildSettings = {
				ALWAYS_SEARCH_USER_PATHS = NO;
				CLANG_ANALYZER_NONNULL = YES;
				CLANG_CXX_LANGUAGE_STANDARD = "gnu++0x";
				CLANG_CXX_LIBRARY = "libc++";
				CLANG_ENABLE_MODULES = YES;
				CLANG_ENABLE_OBJC_ARC = YES;
				CLANG_WARN_BOOL_CONVERSION = YES;
				CLANG_WARN_CONSTANT_CONVERSION = YES;
				CLANG_WARN_DIRECT_OBJC_ISA_USAGE = YES_ERROR;
				CLANG_WARN_EMPTY_BODY = YES;
				CLANG_WARN_ENUM_CONVERSION = YES;
				CLANG_WARN_INT_CONVERSION = YES;
				CLANG_WARN_OBJC_ROOT_CLASS = YES_ERROR;
				CLANG_WARN_UNREACHABLE_CODE = YES;
				CLANG_WARN__DUPLICATE_METHOD_MATCH = YES;
				"CODE_SIGN_IDENTITY[sdk=iphoneos*]" = "iPhone Developer";
				COPY_PHASE_STRIP = NO;
				DEBUG_INFORMATION_FORMAT = "dwarf-with-dsym";
				ENABLE_NS_ASSERTIONS = NO;
				ENABLE_STRICT_OBJC_MSGSEND = YES;
				GCC_C_LANGUAGE_STANDARD = gnu99;
				GCC_NO_COMMON_BLOCKS = YES;
				GCC_WARN_64_TO_32_BIT_CONVERSION = YES;
				GCC_WARN_ABOUT_RETURN_TYPE = YES_ERROR;
				GCC_WARN_UNDECLARED_SELECTOR = YES;
				GCC_WARN_UNINITIALIZED_AUTOS = YES_AGGRESSIVE;
				GCC_WARN_UNUSED_FUNCTION = YES;
				GCC_WARN_UNUSED_VARIABLE = YES;
				IPHONEOS_DEPLOYMENT_TARGET = 9.3;
				MTL_ENABLE_DEBUG_INFO = NO;
				SDKROOT = iphoneos;
				TARGETED_DEVICE_FAMILY = "1,2";
				VALIDATE_PRODUCT = YES;
			};
			name = Release;
		};
		3D26B4E11D3B17A5006FACF1 /* Debug */ = {
			isa = XCBuildConfiguration;
			buildSettings = {
				ASSETCATALOG_COMPILER_APPICON_NAME = AppIcon;
				INFOPLIST_FILE = "Playground Project/Info.plist";
				LD_RUNPATH_SEARCH_PATHS = "$(inherited) @executable_path/Frameworks";
				PRODUCT_BUNDLE_IDENTIFIER = "com.choiw.Playground-Project";
				PRODUCT_NAME = "$(TARGET_NAME)";
			};
			name = Debug;
		};
		3D26B4E21D3B17A5006FACF1 /* Release */ = {
			isa = XCBuildConfiguration;
			buildSettings = {
				ASSETCATALOG_COMPILER_APPICON_NAME = AppIcon;
				INFOPLIST_FILE = "Playground Project/Info.plist";
				LD_RUNPATH_SEARCH_PATHS = "$(inherited) @executable_path/Frameworks";
				PRODUCT_BUNDLE_IDENTIFIER = "com.choiw.Playground-Project";
				PRODUCT_NAME = "$(TARGET_NAME)";
			};
			name = Release;
		};
		3D26B4E41D3B17A5006FACF1 /* Debug */ = {
			isa = XCBuildConfiguration;
			buildSettings = {
				BUNDLE_LOADER = "$(TEST_HOST)";
				INFOPLIST_FILE = "Playground ProjectTests/Info.plist";
				LD_RUNPATH_SEARCH_PATHS = "$(inherited) @executable_path/Frameworks @loader_path/Frameworks";
				PRODUCT_BUNDLE_IDENTIFIER = "com.choiw.Playground-ProjectTests";
				PRODUCT_NAME = "$(TARGET_NAME)";
				TEST_HOST = "$(BUILT_PRODUCTS_DIR)/Playground Project.app/Playground Project";
			};
			name = Debug;
		};
		3D26B4E51D3B17A5006FACF1 /* Release */ = {
			isa = XCBuildConfiguration;
			buildSettings = {
				BUNDLE_LOADER = "$(TEST_HOST)";
				INFOPLIST_FILE = "Playground ProjectTests/Info.plist";
				LD_RUNPATH_SEARCH_PATHS = "$(inherited) @executable_path/Frameworks @loader_path/Frameworks";
				PRODUCT_BUNDLE_IDENTIFIER = "com.choiw.Playground-ProjectTests";
				PRODUCT_NAME = "$(TARGET_NAME)";
				TEST_HOST = "$(BUILT_PRODUCTS_DIR)/Playground Project.app/Playground Project";
			};
			name = Release;
		};
		3D26B4E71D3B17A5006FACF1 /* Debug */ = {
			isa = XCBuildConfiguration;
			buildSettings = {
				INFOPLIST_FILE = "Playground ProjectUITests/Info.plist";
				LD_RUNPATH_SEARCH_PATHS = "$(inherited) @executable_path/Frameworks @loader_path/Frameworks";
				PRODUCT_BUNDLE_IDENTIFIER = "com.choiw.Playground-ProjectUITests";
				PRODUCT_NAME = "$(TARGET_NAME)";
				TEST_TARGET_NAME = "Playground Project";
			};
			name = Debug;
		};
		3D26B4E81D3B17A5006FACF1 /* Release */ = {
			isa = XCBuildConfiguration;
			buildSettings = {
				INFOPLIST_FILE = "Playground ProjectUITests/Info.plist";
				LD_RUNPATH_SEARCH_PATHS = "$(inherited) @executable_path/Frameworks @loader_path/Frameworks";
				PRODUCT_BUNDLE_IDENTIFIER = "com.choiw.Playground-ProjectUITests";
				PRODUCT_NAME = "$(TARGET_NAME)";
				TEST_TARGET_NAME = "Playground Project";
			};
			name = Release;
		};
/* End XCBuildConfiguration section */

/* Begin XCConfigurationList section */
		3D26B4B31D3B17A5006FACF1 /* Build configuration list for PBXProject "Playground Project" */ = {
			isa = XCConfigurationList;
			buildConfigurations = (
				3D26B4DE1D3B17A5006FACF1 /* Debug */,
				3D26B4DF1D3B17A5006FACF1 /* Release */,
			);
			defaultConfigurationIsVisible = 0;
			defaultConfigurationName = Release;
		};
		3D26B4E01D3B17A5006FACF1 /* Build configuration list for PBXNativeTarget "Playground Project" */ = {
			isa = XCConfigurationList;
			buildConfigurations = (
				3D26B4E11D3B17A5006FACF1 /* Debug */,
				3D26B4E21D3B17A5006FACF1 /* Release */,
			);
			defaultConfigurationIsVisible = 0;
			defaultConfigurationName = Release;
		};
		3D26B4E31D3B17A5006FACF1 /* Build configuration list for PBXNativeTarget "Playground ProjectTests" */ = {
			isa = XCConfigurationList;
			buildConfigurations = (
				3D26B4E41D3B17A5006FACF1 /* Debug */,
				3D26B4E51D3B17A5006FACF1 /* Release */,
			);
			defaultConfigurationIsVisible = 0;
			defaultConfigurationName = Release;
		};
		3D26B4E61D3B17A5006FACF1 /* Build configuration list for PBXNativeTarget "Playground ProjectUITests" */ = {
			isa = XCConfigurationList;
			buildConfigurations = (
				3D26B4E71D3B17A5006FACF1 /* Debug */,
				3D26B4E81D3B17A5006FACF1 /* Release */,
			);
			defaultConfigurationIsVisible = 0;
			defaultConfigurationName = Release;
		};
/* End XCConfigurationList section */
	};
	rootObject = 3D26B4B01D3B17A5006FACF1 /* Project object */;
}
